<?xml version="1.0" encoding="utf-8"?>
<Project ToolsVersion="4.0" xmlns="http://schemas.microsoft.com/developer/msbuild/2003">
  <ItemGroup>
    <Filter Include="Source Files">
      <UniqueIdentifier>{4FC737F1-C7A5-4376-A066-2A32D752A2FF}</UniqueIdentifier>
      <Extensions>cpp;c;cc;cxx;def;odl;idl;hpj;bat;asm;asmx</Extensions>
    </Filter>
    <Filter Include="Header Files">
      <UniqueIdentifier>{93995380-89BD-4b04-88EB-625FBE52EBFB}</UniqueIdentifier>
      <Extensions>h;hpp;hxx;hm;inl;inc;xsd</Extensions>
    </Filter>
    <Filter Include="Resource Files">
      <UniqueIdentifier>{67DA6AB6-F800-4c08-8B7A-83BB121AAD01}</UniqueIdentifier>
      <Extensions>rc;ico;cur;bmp;dlg;rc2;rct;bin;rgs;gif;jpg;jpeg;jpe;resx;tiff;tif;png;wav;mfcribbon-ms</Extensions>
    </Filter>
  </ItemGroup>
  <ItemGroup>
    <ClCompile Include="1.cpp">
      <Filter>Source Files</Filter>
    </ClCompile>
    <ClCompile Include="2.cpp">
      <Filter>Source Files</Filter>
    </ClCompile>
    <ClCompile Include="3.cpp">
      <Filter>Source Files</Filter>
    </ClCompile>
    <ClCompile Include="4.cpp">
      <Filter>Source Files</Filter>
    </ClCompile>
    <ClCompile Include="5.cpp">
      <Filter>Source Files</Filter>
    </ClCompile>
    <ClCompile Include="6.cpp">
      <Filter>Source Files</Filter>
    </ClCompile>
    <ClCompile Include="7.cpp">
      <Filter>Source Files</Filter>
    </ClCompile>
    <ClCompile Include="8.cpp">
      <Filter>Source Files</Filter>
    </ClCompile>
    <ClCompile Include="9.cpp">
      <Filter>Source Files</Filter>
    </ClCompile>
    <ClCompile Include="10.cpp">
      <Filter>Source Files</Filter>
    </ClCompile>
    <ClCompile Include="11.cpp">
      <Filter>Source Files</Filter>
    </ClCompile>
    <ClCompile Include="12.cpp">
      <Filter>Source Files</Filter>
    </ClCompile>
    <ClCompile Include="13.cpp">
      <Filter>Source Files</Filter>
    </ClCompile>
    <ClCompile Include="14.cpp">
      <Filter>Source Files</Filter>
    </ClCompile>
    <ClCompile Include="15.cpp">
      <Filter>Source Files</Filter>
    </ClCompile>
    <ClCompile Include="16.cpp">
      <Filter>Source Files</Filter>
    </ClCompile>
    <ClCompile Include="17.cpp">
      <Filter>Source Files</Filter>
    </ClCompile>
    <ClCompile Include="18.cpp">
      <Filter>Source Files</Filter>
    </ClCompile>
    <ClCompile Include="19.cpp">
      <Filter>Source Files</Filter>
    </ClCompile>
    <ClCompile Include="20.cpp">
      <Filter>Source Files</Filter>
    </ClCompile>
    <ClCompile Include="21.cpp">
      <Filter>Source Files</Filter>
    </ClCompile>
    <ClCompile Include="22.cpp">
      <Filter>Source Files</Filter>
    </ClCompile>
    <ClCompile Include="23.cpp">
      <Filter>Source Files</Filter>
    </ClCompile>
    <ClCompile Include="24.cpp">
      <Filter>Source Files</Filter>
    </ClCompile>
    <ClCompile Include="25.cpp">
      <Filter>Source Files</Filter>
    </ClCompile>
    <ClCompile Include="26.cpp">
      <Filter>Source Files</Filter>
    </ClCompile>
    <ClCompile Include="27.cpp">
      <Filter>Source Files</Filter>
    </ClCompile>
    <ClCompile Include="28.cpp">
      <Filter>Source Files</Filter>
    </ClCompile>
    <ClCompile Include="29.cpp">
      <Filter>Source Files</Filter>
    </ClCompile>
    <ClCompile Include="30.cpp">
      <Filter>Source Files</Filter>
    </ClCompile>
    <ClCompile Include="31.cpp">
      <Filter>Source Files</Filter>
    </ClCompile>
    <ClCompile Include="32.cpp">
      <Filter>Source Files</Filter>
    </ClCompile>
    <ClCompile Include="33.cpp">
      <Filter>Source Files</Filter>
    </ClCompile>
    <ClCompile Include="34.cpp">
      <Filter>Source Files</Filter>
    </ClCompile>
    <ClCompile Include="older\arry_change\MyArray.cpp">
      <Filter>Source Files</Filter>
    </ClCompile>
    <ClCompile Include="older\balance_tree\MyTree.cpp">
      <Filter>Source Files</Filter>
    </ClCompile>
    <ClCompile Include="older\duplicate_elem\hash.cpp">
      <Filter>Source Files</Filter>
    </ClCompile>
    <ClCompile Include="older\duplicate_elem\link.cpp">
      <Filter>Source Files</Filter>
    </ClCompile>
    <ClCompile Include="older\duplicate_elem\main.cpp">
      <Filter>Source Files</Filter>
    </ClCompile>
    <ClCompile Include="older\find_n_elem\heap.cpp">
      <Filter>Source Files</Filter>
    </ClCompile>
    <ClCompile Include="older\find_n_elem\list.cpp">
      <Filter>Source Files</Filter>
    </ClCompile>
    <ClCompile Include="older\find_n_elem\main.cpp">
      <Filter>Source Files</Filter>
    </ClCompile>
    <ClCompile Include="older\get_stack_min\main.cpp">
      <Filter>Source Files</Filter>
    </ClCompile>
    <ClCompile Include="older\get_stack_min\stack.cpp">
      <Filter>Source Files</Filter>
    </ClCompile>
    <ClCompile Include="older\implement_queue\imp_queue.cpp">
      <Filter>Source Files</Filter>
    </ClCompile>
    <ClCompile Include="older\implement_queue\main.cpp">
      <Filter>Source Files</Filter>
    </ClCompile>
    <ClCompile Include="older\N个数最接近\main.cpp">
      <Filter>Source Files</Filter>
    </ClCompile>
    <ClCompile Include="older\one_edit\one_edit_apart.cpp">
      <Filter>Source Files</Filter>
    </ClCompile>
    <ClCompile Include="older\print_tree_coordinate\main.cpp">
      <Filter>Source Files</Filter>
    </ClCompile>
    <ClCompile Include="older\print_tree_coordinate\MyTree.cpp">
      <Filter>Source Files</Filter>
    </ClCompile>
    <ClCompile Include="older\rbg排序\main.cpp">
      <Filter>Source Files</Filter>
    </ClCompile>
    <ClCompile Include="older\remove_node\link.cpp">
      <Filter>Source Files</Filter>
    </ClCompile>
    <ClCompile Include="older\remove_node\main.cpp">
      <Filter>Source Files</Filter>
    </ClCompile>
    <ClCompile Include="older\special_array\main.cpp">
      <Filter>Source Files</Filter>
    </ClCompile>
    <ClCompile Include="older\special_array\special_array.cpp">
      <Filter>Source Files</Filter>
    </ClCompile>
    <ClCompile Include="older\stack_palte\main.cpp">
      <Filter>Source Files</Filter>
    </ClCompile>
    <ClCompile Include="older\stack_palte\stack_plate.cpp">
      <Filter>Source Files</Filter>
    </ClCompile>
    <ClCompile Include="older\trie树\main.cpp">
      <Filter>Source Files</Filter>
    </ClCompile>
    <ClCompile Include="older\url相交判断\main.cpp">
      <Filter>Source Files</Filter>
    </ClCompile>
    <ClCompile Include="older\二叉树子树搜索\main.cpp">
      <Filter>Source Files</Filter>
    </ClCompile>
    <ClCompile Include="older\二叉树子节点和最大\main.cpp">
      <Filter>Source Files</Filter>
    </ClCompile>
    <ClCompile Include="older\二叉树最远距离节点\main.cpp">
      <Filter>Source Files</Filter>
    </ClCompile>
    <ClCompile Include="older\关灯问题\main.cpp">
      <Filter>Source Files</Filter>
    </ClCompile>
    <ClCompile Include="older\单链表的逆转\main.cpp">
      <Filter>Source Files</Filter>
    </ClCompile>
    <ClCompile Include="older\反向链表\main.cpp">
      <Filter>Source Files</Filter>
    </ClCompile>
    <ClCompile Include="older\反序对查找\main.cpp">
      <Filter>Source Files</Filter>
    </ClCompile>
    <ClCompile Include="older\反数\main.cpp">
      <Filter>Source Files</Filter>
    </ClCompile>
    <ClCompile Include="older\合并有序数组（O(1)时间复杂度）\main.cpp">
      <Filter>Source Files</Filter>
    </ClCompile>
    <ClCompile Include="older\在两个有序数组中找出共有元素\main.cpp">
      <Filter>Source Files</Filter>
    </ClCompile>
    <ClCompile Include="older\字符串中的最大回文判断\main.cpp">
      <Filter>Source Files</Filter>
    </ClCompile>
    <ClCompile Include="older\字符串分组\main.cpp">
      <Filter>Source Files</Filter>
    </ClCompile>
    <ClCompile Include="older\字符串删除子串\main.cpp">
      <Filter>Source Files</Filter>
    </ClCompile>
    <ClCompile Include="older\字符串包含测试\main.cpp">
      <Filter>Source Files</Filter>
    </ClCompile>
    <ClCompile Include="older\字符串压缩\main.cpp">
      <Filter>Source Files</Filter>
    </ClCompile>
    <ClCompile Include="older\字符串在字典中的拆分\main.cpp">
      <Filter>Source Files</Filter>
    </ClCompile>
    <ClCompile Include="older\字符串寻找最大数字\main.cpp">
      <Filter>Source Files</Filter>
    </ClCompile>
    <ClCompile Include="older\字符串最长非连续子串\main.cpp">
      <Filter>Source Files</Filter>
    </ClCompile>
    <ClCompile Include="older\字符串末尾前移\main.cpp">
      <Filter>Source Files</Filter>
    </ClCompile>
    <ClCompile Include="older\字符串移位\main.cpp">
      <Filter>Source Files</Filter>
    </ClCompile>
    <ClCompile Include="older\字符串表达式计算\main.cpp">
      <Filter>Source Files</Filter>
    </ClCompile>
    <ClCompile Include="older\字符串重排序排序\main.cpp">
      <Filter>Source Files</Filter>
    </ClCompile>
    <ClCompile Include="older\寻找k个最小数\main.cpp">
      <Filter>Source Files</Filter>
    </ClCompile>
    <ClCompile Include="older\寻找两个节点的公共父节点\main.cpp">
      <Filter>Source Files</Filter>
    </ClCompile>
    <ClCompile Include="older\寻找最大和子二阶矩阵\main.cpp">
      <Filter>Source Files</Filter>
    </ClCompile>
    <ClCompile Include="older\归并排序\main.cpp">
      <Filter>Source Files</Filter>
    </ClCompile>
    <ClCompile Include="older\搜索唯一重复元素\main.cpp">
      <Filter>Source Files</Filter>
    </ClCompile>
    <ClCompile Include="older\数字位置重排\main.cpp">
      <Filter>Source Files</Filter>
    </ClCompile>
    <ClCompile Include="older\数组奇偶重排\main.cpp">
      <Filter>Source Files</Filter>
    </ClCompile>
    <ClCompile Include="older\数组寻找最小元素\main.cpp">
      <Filter>Source Files</Filter>
    </ClCompile>
    <ClCompile Include="older\数组寻找特殊数字\main.cpp">
      <Filter>Source Files</Filter>
    </ClCompile>
    <ClCompile Include="older\数组数字的左右排列\main.cpp">
      <Filter>Source Files</Filter>
    </ClCompile>
    <ClCompile Include="older\数组的等和划分\main.cpp">
      <Filter>Source Files</Filter>
    </ClCompile>
    <ClCompile Include="older\方格移动问题\main.cpp">
      <Filter>Source Files</Filter>
    </ClCompile>
    <ClCompile Include="older\有序循环链表查找\main.cpp">
      <Filter>Source Files</Filter>
    </ClCompile>
    <ClCompile Include="older\有序数组绝对值最小化\main.cpp">
      <Filter>Source Files</Filter>
    </ClCompile>
    <ClCompile Include="older\查找出现次数过半的元素\main.cpp">
      <Filter>Source Files</Filter>
    </ClCompile>
    <ClCompile Include="older\特定子串删除\main.cpp">
      <Filter>Source Files</Filter>
    </ClCompile>
    <ClCompile Include="older\特殊数组数字搜索\main.cpp">
      <Filter>Source Files</Filter>
    </ClCompile>
    <ClCompile Include="older\相邻数字判断\main.cpp">
      <Filter>Source Files</Filter>
    </ClCompile>
    <ClCompile Include="older\给定一个字符串要求原地删除重复元素\main.cpp">
      <Filter>Source Files</Filter>
    </ClCompile>
    <ClCompile Include="older\输出最后一个重复元素\main.cpp">
      <Filter>Source Files</Filter>
    </ClCompile>
    <ClCompile Include="older\递归颠倒栈\main.cpp">
      <Filter>Source Files</Filter>
    </ClCompile>
    <ClCompile Include="older\重排字典序\main.cpp">
      <Filter>Source Files</Filter>
    </ClCompile>
    <ClCompile Include="older\重组最小数字\main.cpp">
      <Filter>Source Files</Filter>
    </ClCompile>
    <ClCompile Include="older\链表变换\main.cpp">
      <Filter>Source Files</Filter>
    </ClCompile>
    <ClCompile Include="older\链表归并排序\main.cpp">
      <Filter>Source Files</Filter>
    </ClCompile>
    <ClCompile Include="older\链表求差\main.cpp">
      <Filter>Source Files</Filter>
    </ClCompile>
    <ClCompile Include="older\zero_matrix\main.cpp">
      <Filter>Source Files</Filter>
    </ClCompile>
    <ClCompile Include="older\find_rotate\main.cpp">
      <Filter>Source Files</Filter>
    </ClCompile>
    <ClCompile Include="older\rotate_matrix\main.cpp">
      <Filter>Source Files</Filter>
    </ClCompile>
    <ClCompile Include="older\check_string\5.cpp">
      <Filter>Source Files</Filter>
    </ClCompile>
    <ClCompile Include="older\arry_change\o2.cpp">
      <Filter>Source Files</Filter>
    </ClCompile>
    <ClCompile Include="older\balance_tree\o3.cpp">
      <Filter>Source Files</Filter>
    </ClCompile>
    <ClCompile Include="older\blank_change\o4.cpp">
      <Filter>Source Files</Filter>
    </ClCompile>
    <ClCompile Include="older\100阶乘求0的个数\35.cpp">
      <Filter>Source Files</Filter>
    </ClCompile>
    <ClCompile Include="35.cpp">
      <Filter>Source Files</Filter>
    </ClCompile>
    <ClCompile Include="37.cpp">
      <Filter>Source Files</Filter>
    </ClCompile>
    <ClCompile Include="38.cpp">
      <Filter>Source Files</Filter>
    </ClCompile>
    <ClCompile Include="46.cpp">
      <Filter>Source Files</Filter>
    </ClCompile>
    <ClCompile Include="53.cpp">
      <Filter>Source Files</Filter>
    </ClCompile>
    <ClCompile Include="54.cpp">
      <Filter>Source Files</Filter>
    </ClCompile>
    <ClCompile Include="59.cpp">
      <Filter>Source Files</Filter>
    </ClCompile>
    <ClCompile Include="62.cpp">
      <Filter>Source Files</Filter>
    </ClCompile>
    <ClCompile Include="65.cpp">
      <Filter>Source Files</Filter>
    </ClCompile>
    <ClCompile Include="66.cpp">
      <Filter>Source Files</Filter>
    </ClCompile>
    <ClCompile Include="67.cpp">
      <Filter>Source Files</Filter>
    </ClCompile>
    <ClCompile Include="68.cpp">
      <Filter>Source Files</Filter>
    </ClCompile>
    <ClCompile Include="69.cpp">
      <Filter>Source Files</Filter>
    </ClCompile>
    <ClCompile Include="70.cpp">
      <Filter>Source Files</Filter>
    </ClCompile>
    <ClCompile Include="71.cpp">
      <Filter>Source Files</Filter>
    </ClCompile>
    <ClCompile Include="72.cpp">
      <Filter>Source Files</Filter>
    </ClCompile>
    <ClCompile Include="73.cpp">
      <Filter>Source Files</Filter>
    </ClCompile>
    <ClCompile Include="74.cpp">
      <Filter>Source Files</Filter>
    </ClCompile>
    <ClCompile Include="75.cpp">
      <Filter>Source Files</Filter>
    </ClCompile>
    <ClCompile Include="76.cpp">
      <Filter>Source Files</Filter>
    </ClCompile>
    <ClCompile Include="77.cpp">
      <Filter>Source Files</Filter>
    </ClCompile>
    <ClCompile Include="78.cpp">
      <Filter>Source Files</Filter>
    </ClCompile>
    <ClCompile Include="79.cpp">
      <Filter>Source Files</Filter>
    </ClCompile>
    <ClCompile Include="80.cpp">
      <Filter>Source Files</Filter>
    </ClCompile>
    <ClCompile Include="81.cpp">
      <Filter>Source Files</Filter>
    </ClCompile>
    <ClCompile Include="82.cpp">
      <Filter>Source Files</Filter>
    </ClCompile>
    <ClCompile Include="83.cpp">
      <Filter>Source Files</Filter>
    </ClCompile>
    <ClCompile Include="84.cpp">
      <Filter>Source Files</Filter>
    </ClCompile>
    <ClCompile Include="85.cpp">
      <Filter>Source Files</Filter>
    </ClCompile>
    <ClCompile Include="86.cpp">
      <Filter>Source Files</Filter>
    </ClCompile>
    <ClCompile Include="87.cpp">
      <Filter>Source Files</Filter>
    </ClCompile>
    <ClCompile Include="88.cpp">
      <Filter>Source Files</Filter>
    </ClCompile>
    <ClCompile Include="89.cpp">
      <Filter>Source Files</Filter>
    </ClCompile>
    <ClCompile Include="90.cpp">
      <Filter>Source Files</Filter>
    </ClCompile>
    <ClCompile Include="91.cpp">
      <Filter>Source Files</Filter>
    </ClCompile>
    <ClCompile Include="92.cpp">
      <Filter>Source Files</Filter>
    </ClCompile>
    <ClCompile Include="93.cpp">
      <Filter>Source Files</Filter>
    </ClCompile>
    <ClCompile Include="94.cpp">
      <Filter>Source Files</Filter>
    </ClCompile>
    <ClCompile Include="95.cpp">
      <Filter>Source Files</Filter>
    </ClCompile>
    <ClCompile Include="96.cpp">
      <Filter>Source Files</Filter>
    </ClCompile>
    <ClCompile Include="97.cpp">
      <Filter>Source Files</Filter>
    </ClCompile>
    <ClCompile Include="98.cpp">
      <Filter>Source Files</Filter>
    </ClCompile>
    <ClCompile Include="99.cpp">
      <Filter>Source Files</Filter>
    </ClCompile>
    <ClCompile Include="100.cpp">
      <Filter>Source Files</Filter>
    </ClCompile>
    <ClCompile Include="101.cpp">
      <Filter>Source Files</Filter>
    </ClCompile>
    <ClCompile Include="102.cpp">
      <Filter>Source Files</Filter>
    </ClCompile>
    <ClCompile Include="103.cpp">
      <Filter>Source Files</Filter>
    </ClCompile>
    <ClCompile Include="104.cpp">
      <Filter>Source Files</Filter>
    </ClCompile>
    <ClCompile Include="105.cpp">
      <Filter>Source Files</Filter>
    </ClCompile>
    <ClCompile Include="106.cpp">
      <Filter>Source Files</Filter>
    </ClCompile>
    <ClCompile Include="107.cpp">
      <Filter>Source Files</Filter>
    </ClCompile>
    <ClCompile Include="108.cpp">
      <Filter>Source Files</Filter>
    </ClCompile>
    <ClCompile Include="109.cpp">
      <Filter>Source Files</Filter>
    </ClCompile>
    <ClCompile Include="110.cpp">
      <Filter>Source Files</Filter>
    </ClCompile>
    <ClCompile Include="43\heap.cpp">
      <Filter>Source Files</Filter>
    </ClCompile>
    <ClCompile Include="43\list.cpp">
      <Filter>Source Files</Filter>
    </ClCompile>
    <ClCompile Include="43\m.cpp">
      <Filter>Source Files</Filter>
    </ClCompile>
    <ClCompile Include="41\hash.cpp">
      <Filter>Source Files</Filter>
    </ClCompile>
    <ClCompile Include="41\link.cpp">
      <Filter>Source Files</Filter>
    </ClCompile>
    <ClCompile Include="41\m.cpp">
      <Filter>Source Files</Filter>
    </ClCompile>
    <ClCompile Include="47\mStack.cpp">
      <Filter>Source Files</Filter>
    </ClCompile>
    <ClCompile Include="47\stack.cpp">
      <Filter>Source Files</Filter>
    </ClCompile>
    <ClCompile Include="48\imp_queue.cpp">
      <Filter>Source Files</Filter>
    </ClCompile>
    <ClCompile Include="48\mImp_queue.cpp">
      <Filter>Source Files</Filter>
    </ClCompile>
    <ClCompile Include="57\mMyTree.cpp">
      <Filter>Source Files</Filter>
    </ClCompile>
    <ClCompile Include="57\MyTree.cpp">
      <Filter>Source Files</Filter>
    </ClCompile>
    <ClCompile Include="60\link.cpp">
      <Filter>Source Files</Filter>
    </ClCompile>
    <ClCompile Include="60\mLink.cpp">
      <Filter>Source Files</Filter>
    </ClCompile>
    <ClCompile Include="63\mSpecial_array.cpp">
      <Filter>Source Files</Filter>
    </ClCompile>
    <ClCompile Include="63\special_array.cpp">
      <Filter>Source Files</Filter>
    </ClCompile>
    <ClCompile Include="64\mStack_plate.cpp">
      <Filter>Source Files</Filter>
    </ClCompile>
    <ClCompile Include="64\stack_plate.cpp">
      <Filter>Source Files</Filter>
    </ClCompile>
  </ItemGroup>
  <ItemGroup>
    <None Include="README.rst">
      <Filter>Source Files</Filter>
    </None>
    <None Include="36.py" />
    <None Include="39.py" />
    <None Include="40.py" />
    <None Include="42.py" />
    <None Include="44.py" />
    <None Include="45.py" />
    <None Include="49.py" />
    <None Include="50.py" />
    <None Include="51.py" />
    <None Include="52.py" />
    <None Include="55.py" />
    <None Include="56.py" />
    <None Include="58.py" />
    <None Include="61.py" />
  </ItemGroup>
  <ItemGroup>
    <ClInclude Include="older\arry_change\MyArray.h">
      <Filter>Header Files</Filter>
    </ClInclude>
    <ClInclude Include="older\balance_tree\MyTree.h">
      <Filter>Header Files</Filter>
    </ClInclude>
    <ClInclude Include="older\duplicate_elem\hash.h">
      <Filter>Header Files</Filter>
    </ClInclude>
    <ClInclude Include="older\duplicate_elem\link.h">
      <Filter>Header Files</Filter>
    </ClInclude>
    <ClInclude Include="older\find_n_elem\heap.h">
      <Filter>Header Files</Filter>
    </ClInclude>
    <ClInclude Include="older\find_n_elem\list.h">
      <Filter>Header Files</Filter>
    </ClInclude>
    <ClInclude Include="older\get_stack_min\stack.h">
      <Filter>Header Files</Filter>
    </ClInclude>
    <ClInclude Include="older\implement_queue\imp_queue.h">
      <Filter>Header Files</Filter>
    </ClInclude>
    <ClInclude Include="older\print_tree_coordinate\MyTree.h">
      <Filter>Header Files</Filter>
    </ClInclude>
    <ClInclude Include="older\remove_node\link.h">
      <Filter>Header Files</Filter>
    </ClInclude>
    <ClInclude Include="older\special_array\special_array.h">
      <Filter>Header Files</Filter>
    </ClInclude>
    <ClInclude Include="older\stack_palte\stack_plate.h">
      <Filter>Header Files</Filter>
    </ClInclude>
    <ClInclude Include="43\heap.h">
      <Filter>Header Files</Filter>
    </ClInclude>
    <ClInclude Include="43\list.h">
      <Filter>Header Files</Filter>
    </ClInclude>
    <ClInclude Include="41\hash.h">
      <Filter>Header Files</Filter>
    </ClInclude>
    <ClInclude Include="41\link.h">
      <Filter>Header Files</Filter>
    </ClInclude>
    <ClInclude Include="47\stack.h">
      <Filter>Header Files</Filter>
    </ClInclude>
    <ClInclude Include="48\imp_queue.h">
      <Filter>Header Files</Filter>
    </ClInclude>
    <ClInclude Include="57\MyTree.h">
      <Filter>Header Files</Filter>
    </ClInclude>
    <ClInclude Include="60\link.h">
      <Filter>Header Files</Filter>
    </ClInclude>
    <ClInclude Include="63\special_array.h">
      <Filter>Header Files</Filter>
    </ClInclude>
    <ClInclude Include="64\stack_plate.h">
      <Filter>Header Files</Filter>
    </ClInclude>
  </ItemGroup>
</Project>